
Microsoft Visual Studio Solution File, Format Version 12.00
# Visual Studio Version 17
VisualStudioVersion = 17.13.35931.197 d17.13
MinimumVisualStudioVersion = 10.0.40219.1
Project("{FAE04EC0-301F-11D3-BF4B-00C04F79EFBC}") = "DevTools", "DevTools\DevTools.csproj", "{422A64A3-19B6-496C-95D1-86BC57A46A23}"
EndProject
Project("{FAE04EC0-301F-11D3-BF4B-00C04F79EFBC}") = "CoreLibWinforms", "..\CoreLib\CoreLibWinforms\CoreLibWinforms.csproj", "{C6F04FF5-A346-BEC0-57F1-CB2C78B3B5FC}"
EndProject
Project("{FAE04EC0-301F-11D3-BF4B-00C04F79EFBC}") = "CoreLib", "..\CoreLib\CoreLib\CoreLib.csproj", "{3AFB0771-84FC-C95D-0E0C-CBFE2AD4AAAF}"
EndProject
Global
	GlobalSection(SolutionConfigurationPlatforms) = preSolution
		Debug|Any CPU = Debug|Any CPU
		Release|Any CPU = Release|Any CPU
	EndGlobalSection
	GlobalSection(ProjectConfigurationPlatforms) = postSolution
		{422A64A3-19B6-496C-95D1-86BC57A46A23}.Debug|Any CPU.ActiveCfg = Debug|Any CPU
		{422A64A3-19B6-496C-95D1-86BC57A46A23}.Debug|Any CPU.Build.0 = Debug|Any CPU
		{422A64A3-19B6-496C-95D1-86BC57A46A23}.Release|Any CPU.ActiveCfg = Release|Any CPU
		{422A64A3-19B6-496C-95D1-86BC57A46A23}.Release|Any CPU.Build.0 = Release|Any CPU
		{C6F04FF5-A346-BEC0-57F1-CB2C78B3B5FC}.Debug|Any CPU.ActiveCfg = Debug|Any CPU
		{C6F04FF5-A346-BEC0-57F1-CB2C78B3B5FC}.Debug|Any CPU.Build.0 = Debug|Any CPU
		{C6F04FF5-A346-BEC0-57F1-CB2C78B3B5FC}.Release|Any CPU.ActiveCfg = Release|Any CPU
		{C6F04FF5-A346-BEC0-57F1-CB2C78B3B5FC}.Release|Any CPU.Build.0 = Release|Any CPU
		{3AFB0771-84FC-C95D-0E0C-CBFE2AD4AAAF}.Debug|Any CPU.ActiveCfg = Debug|Any CPU
		{3AFB0771-84FC-C95D-0E0C-CBFE2AD4AAAF}.Debug|Any CPU.Build.0 = Debug|Any CPU
		{3AFB0771-84FC-C95D-0E0C-CBFE2AD4AAAF}.Release|Any CPU.ActiveCfg = Release|Any CPU
		{3AFB0771-84FC-C95D-0E0C-CBFE2AD4AAAF}.Release|Any CPU.Build.0 = Release|Any CPU
	EndGlobalSection
	GlobalSection(SolutionProperties) = preSolution
		HideSolutionNode = FALSE
	EndGlobalSection
	GlobalSection(ExtensibilityGlobals) = postSolution
		SolutionGuid = {CDB4140B-0D27-4673-9DB7-AB5F9BE43F20}
	EndGlobalSection
EndGlobal
